// !$*UTF8*$!
{
	archiveVersion = 1;
	classes = {
	};
	objectVersion = 55;
	objects = {

/* Begin PBXBuildFile section */
		590E39832763C9CA00F6711C /* AppDelegate.swift in Sources */ = {isa = PBXBuildFile; fileRef = 590E39822763C9CA00F6711C /* AppDelegate.swift */; };
		590E39852763C9CA00F6711C /* SceneDelegate.swift in Sources */ = {isa = PBXBuildFile; fileRef = 590E39842763C9CA00F6711C /* SceneDelegate.swift */; };
		590E39872763C9CA00F6711C /* MainViewController.swift in Sources */ = {isa = PBXBuildFile; fileRef = 590E39862763C9CA00F6711C /* MainViewController.swift */; };
		590E398C2763C9CE00F6711C /* Assets.xcassets in Resources */ = {isa = PBXBuildFile; fileRef = 590E398B2763C9CE00F6711C /* Assets.xcassets */; };
		590E398F2763C9CE00F6711C /* LaunchScreen.storyboard in Resources */ = {isa = PBXBuildFile; fileRef = 590E398D2763C9CE00F6711C /* LaunchScreen.storyboard */; };
		590E39972763CDCE00F6711C /* MainView.swift in Sources */ = {isa = PBXBuildFile; fileRef = 590E39962763CDCE00F6711C /* MainView.swift */; };
		590E39992763CDDA00F6711C /* MainPresenter.swift in Sources */ = {isa = PBXBuildFile; fileRef = 590E39982763CDDA00F6711C /* MainPresenter.swift */; };
		590E399B2763CDE700F6711C /* MainAssembly.swift in Sources */ = {isa = PBXBuildFile; fileRef = 590E399A2763CDE700F6711C /* MainAssembly.swift */; };
		590E399D2763CDFE00F6711C /* MainModel.swift in Sources */ = {isa = PBXBuildFile; fileRef = 590E399C2763CDFE00F6711C /* MainModel.swift */; };
		590E399F2763CE1400F6711C /* Network.swift in Sources */ = {isa = PBXBuildFile; fileRef = 590E399E2763CE1400F6711C /* Network.swift */; };
		590E39A12763D3B700F6711C /* MainTableView.swift in Sources */ = {isa = PBXBuildFile; fileRef = 590E39A02763D3B700F6711C /* MainTableView.swift */; };
		590E39A32763D3D300F6711C /* TableViewCell.swift in Sources */ = {isa = PBXBuildFile; fileRef = 590E39A22763D3D300F6711C /* TableViewCell.swift */; };
/* End PBXBuildFile section */

/* Begin PBXFileReference section */
		590E397F2763C9CA00F6711C /* NetworkDownloadImage.app */ = {isa = PBXFileReference; explicitFileType = wrapper.application; includeInIndex = 0; path = NetworkDownloadImage.app; sourceTree = BUILT_PRODUCTS_DIR; };
		590E39822763C9CA00F6711C /* AppDelegate.swift */ = {isa = PBXFileReference; lastKnownFileType = sourcecode.swift; path = AppDelegate.swift; sourceTree = "<group>"; };
		590E39842763C9CA00F6711C /* SceneDelegate.swift */ = {isa = PBXFileReference; lastKnownFileType = sourcecode.swift; path = SceneDelegate.swift; sourceTree = "<group>"; };
		590E39862763C9CA00F6711C /* MainViewController.swift */ = {isa = PBXFileReference; lastKnownFileType = sourcecode.swift; path = MainViewController.swift; sourceTree = "<group>"; };
		590E398B2763C9CE00F6711C /* Assets.xcassets */ = {isa = PBXFileReference; lastKnownFileType = folder.assetcatalog; path = Assets.xcassets; sourceTree = "<group>"; };
		590E398E2763C9CE00F6711C /* Base */ = {isa = PBXFileReference; lastKnownFileType = file.storyboard; name = Base; path = Base.lproj/LaunchScreen.storyboard; sourceTree = "<group>"; };
		590E39902763C9CE00F6711C /* Info.plist */ = {isa = PBXFileReference; lastKnownFileType = text.plist.xml; path = Info.plist; sourceTree = "<group>"; };
		590E39962763CDCE00F6711C /* MainView.swift */ = {isa = PBXFileReference; lastKnownFileType = sourcecode.swift; path = MainView.swift; sourceTree = "<group>"; };
		590E39982763CDDA00F6711C /* MainPresenter.swift */ = {isa = PBXFileReference; lastKnownFileType = sourcecode.swift; path = MainPresenter.swift; sourceTree = "<group>"; };
		590E399A2763CDE700F6711C /* MainAssembly.swift */ = {isa = PBXFileReference; lastKnownFileType = sourcecode.swift; path = MainAssembly.swift; sourceTree = "<group>"; };
		590E399C2763CDFE00F6711C /* MainModel.swift */ = {isa = PBXFileReference; lastKnownFileType = sourcecode.swift; path = MainModel.swift; sourceTree = "<group>"; };
		590E399E2763CE1400F6711C /* Network.swift */ = {isa = PBXFileReference; lastKnownFileType = sourcecode.swift; path = Network.swift; sourceTree = "<group>"; };
		590E39A02763D3B700F6711C /* MainTableView.swift */ = {isa = PBXFileReference; lastKnownFileType = sourcecode.swift; path = MainTableView.swift; sourceTree = "<group>"; };
		590E39A22763D3D300F6711C /* TableViewCell.swift */ = {isa = PBXFileReference; lastKnownFileType = sourcecode.swift; path = TableViewCell.swift; sourceTree = "<group>"; };
/* End PBXFileReference section */

/* Begin PBXFrameworksBuildPhase section */
		590E397C2763C9CA00F6711C /* Frameworks */ = {
			isa = PBXFrameworksBuildPhase;
			buildActionMask = 2147483647;
			files = (
			);
			runOnlyForDeploymentPostprocessing = 0;
		};
/* End PBXFrameworksBuildPhase section */

/* Begin PBXGroup section */
		590E39762763C9CA00F6711C = {
			isa = PBXGroup;
			children = (
				590E39812763C9CA00F6711C /* NetworkDownloadImage */,
				590E39802763C9CA00F6711C /* Products */,
			);
			sourceTree = "<group>";
		};
		590E39802763C9CA00F6711C /* Products */ = {
			isa = PBXGroup;
			children = (
				590E397F2763C9CA00F6711C /* NetworkDownloadImage.app */,
			);
			name = Products;
			sourceTree = "<group>";
		};
		590E39812763C9CA00F6711C /* NetworkDownloadImage */ = {
			isa = PBXGroup;
			children = (
				590E39A52763DAA000F6711C /* Support */,
				590E399C2763CDFE00F6711C /* MainModel.swift */,
				590E39A42763D3D900F6711C /* View */,
				590E39982763CDDA00F6711C /* MainPresenter.swift */,
				590E399E2763CE1400F6711C /* Network.swift */,
				590E399A2763CDE700F6711C /* MainAssembly.swift */,
				590E398B2763C9CE00F6711C /* Assets.xcassets */,
				590E398D2763C9CE00F6711C /* LaunchScreen.storyboard */,
				590E39902763C9CE00F6711C /* Info.plist */,
			);
			path = NetworkDownloadImage;
			sourceTree = "<group>";
		};
		590E39A42763D3D900F6711C /* View */ = {
			isa = PBXGroup;
			children = (
				590E39862763C9CA00F6711C /* MainViewController.swift */,
				590E39962763CDCE00F6711C /* MainView.swift */,
				590E39A02763D3B700F6711C /* MainTableView.swift */,
				590E39A22763D3D300F6711C /* TableViewCell.swift */,
			);
			path = View;
			sourceTree = "<group>";
		};
		590E39A52763DAA000F6711C /* Support */ = {
			isa = PBXGroup;
			children = (
				590E39822763C9CA00F6711C /* AppDelegate.swift */,
				590E39842763C9CA00F6711C /* SceneDelegate.swift */,
			);
			path = Support;
			sourceTree = "<group>";
		};
/* End PBXGroup section */

/* Begin PBXNativeTarget section */
		590E397E2763C9CA00F6711C /* NetworkDownloadImage */ = {
			isa = PBXNativeTarget;
			buildConfigurationList = 590E39932763C9CE00F6711C /* Build configuration list for PBXNativeTarget "NetworkDownloadImage" */;
			buildPhases = (
				590E397B2763C9CA00F6711C /* Sources */,
				590E397C2763C9CA00F6711C /* Frameworks */,
				590E397D2763C9CA00F6711C /* Resources */,
			);
			buildRules = (
			);
			dependencies = (
			);
			name = NetworkDownloadImage;
			productName = NetworkDownloadImage;
			productReference = 590E397F2763C9CA00F6711C /* NetworkDownloadImage.app */;
			productType = "com.apple.product-type.application";
		};
/* End PBXNativeTarget section */

/* Begin PBXProject section */
		590E39772763C9CA00F6711C /* Project object */ = {
			isa = PBXProject;
			attributes = {
				BuildIndependentTargetsInParallel = 1;
				LastSwiftUpdateCheck = 1310;
				LastUpgradeCheck = 1310;
				TargetAttributes = {
					590E397E2763C9CA00F6711C = {
						CreatedOnToolsVersion = 13.1;
					};
				};
			};
			buildConfigurationList = 590E397A2763C9CA00F6711C /* Build configuration list for PBXProject "NetworkDownloadImage" */;
			compatibilityVersion = "Xcode 13.0";
			developmentRegion = en;
			hasScannedForEncodings = 0;
			knownRegions = (
				en,
				Base,
			);
			mainGroup = 590E39762763C9CA00F6711C;
			productRefGroup = 590E39802763C9CA00F6711C /* Products */;
			projectDirPath = "";
			projectRoot = "";
			targets = (
				590E397E2763C9CA00F6711C /* NetworkDownloadImage */,
			);
		};
/* End PBXProject section */

/* Begin PBXResourcesBuildPhase section */
		590E397D2763C9CA00F6711C /* Resources */ = {
			isa = PBXResourcesBuildPhase;
			buildActionMask = 2147483647;
			files = (
				590E398F2763C9CE00F6711C /* LaunchScreen.storyboard in Resources */,
				590E398C2763C9CE00F6711C /* Assets.xcassets in Resources */,
			);
			runOnlyForDeploymentPostprocessing = 0;
		};
/* End PBXResourcesBuildPhase section */

/* Begin PBXSourcesBuildPhase section */
		590E397B2763C9CA00F6711C /* Sources */ = {
			isa = PBXSourcesBuildPhase;
			buildActionMask = 2147483647;
			files = (
				590E39A12763D3B700F6711C /* MainTableView.swift in Sources */,
				590E39992763CDDA00F6711C /* MainPresenter.swift in Sources */,
				590E39872763C9CA00F6711C /* MainViewController.swift in Sources */,
				590E399F2763CE1400F6711C /* Network.swift in Sources */,
				590E39972763CDCE00F6711C /* MainView.swift in Sources */,
				590E39A32763D3D300F6711C /* TableViewCell.swift in Sources */,
				590E399D2763CDFE00F6711C /* MainModel.swift in Sources */,
				590E39832763C9CA00F6711C /* AppDelegate.swift in Sources */,
				590E399B2763CDE700F6711C /* MainAssembly.swift in Sources */,
				590E39852763C9CA00F6711C /* SceneDelegate.swift in Sources */,
			);
			runOnlyForDeploymentPostprocessing = 0;
		};
/* End PBXSourcesBuildPhase section */

/* Begin PBXVariantGroup section */
		590E398D2763C9CE00F6711C /* LaunchScreen.storyboard */ = {
			isa = PBXVariantGroup;
			children = (
				590E398E2763C9CE00F6711C /* Base */,
			);
			name = LaunchScreen.storyboard;
			sourceTree = "<group>";
		};
/* End PBXVariantGroup section */

/* Begin XCBuildConfiguration section */
		590E39912763C9CE00F6711C /* Debug */ = {
			isa = XCBuildConfiguration;
			buildSettings = {
				ALWAYS_SEARCH_USER_PATHS = NO;
				CLANG_ANALYZER_NONNULL = YES;
				CLANG_ANALYZER_NUMBER_OBJECT_CONVERSION = YES_AGGRESSIVE;
				CLANG_CXX_LANGUAGE_STANDARD = "gnu++17";
				CLANG_CXX_LIBRARY = "libc++";
				CLANG_ENABLE_MODULES = YES;
				CLANG_ENABLE_OBJC_ARC = YES;
				CLANG_ENABLE_OBJC_WEAK = YES;
				CLANG_WARN_BLOCK_CAPTURE_AUTORELEASING = YES;
				CLANG_WARN_BOOL_CONVERSION = YES;
				CLANG_WARN_COMMA = YES;
				CLANG_WARN_CONSTANT_CONVERSION = YES;
				CLANG_WARN_DEPRECATED_OBJC_IMPLEMENTATIONS = YES;
				CLANG_WARN_DIRECT_OBJC_ISA_USAGE = YES_ERROR;
				CLANG_WARN_DOCUMENTATION_COMMENTS = YES;
				CLANG_WARN_EMPTY_BODY = YES;
				CLANG_WARN_ENUM_CONVERSION = YES;
				CLANG_WARN_INFINITE_RECURSION = YES;
				CLANG_WARN_INT_CONVERSION = YES;
				CLANG_WARN_NON_LITERAL_NULL_CONVERSION = YES;
				CLANG_WARN_OBJC_IMPLICIT_RETAIN_SELF = YES;
				CLANG_WARN_OBJC_LITERAL_CONVERSION = YES;
				CLANG_WARN_OBJC_ROOT_CLASS = YES_ERROR;
				CLANG_WARN_QUOTED_INCLUDE_IN_FRAMEWORK_HEADER = YES;
				CLANG_WARN_RANGE_LOOP_ANALYSIS = YES;
				CLANG_WARN_STRICT_PROTOTYPES = YES;
				CLANG_WARN_SUSPICIOUS_MOVE = YES;
				CLANG_WARN_UNGUARDED_AVAILABILITY = YES_AGGRESSIVE;
				CLANG_WARN_UNREACHABLE_CODE = YES;
				CLANG_WARN__DUPLICATE_METHOD_MATCH = YES;
				COPY_PHASE_STRIP = NO;
				DEBUG_INFORMATION_FORMAT = dwarf;
				ENABLE_STRICT_OBJC_MSGSEND = YES;
				ENABLE_TESTABILITY = YES;
				GCC_C_LANGUAGE_STANDARD = gnu11;
				GCC_DYNAMIC_NO_PIC = NO;
				GCC_NO_COMMON_BLOCKS = YES;
				GCC_OPTIMIZATION_LEVEL = 0;
				GCC_PREPROCESSOR_DEFINITIONS = (
					"DEBUG=1",
					"$(inherited)",
				);
				GCC_WARN_64_TO_32_BIT_CONVERSION = YES;
				GCC_WARN_ABOUT_RETURN_TYPE = YES_ERROR;
				GCC_WARN_UNDECLARED_SELECTOR = YES;
				GCC_WARN_UNINITIALIZED_AUTOS = YES_AGGRESSIVE;
				GCC_WARN_UNUSED_FUNCTION = YES;
				GCC_WARN_UNUSED_VARIABLE = YES;
				IPHONEOS_DEPLOYMENT_TARGET = 15.0;
				MTL_ENABLE_DEBUG_INFO = INCLUDE_SOURCE;
				MTL_FAST_MATH = YES;
				ONLY_ACTIVE_ARCH = YES;
				SDKROOT = iphoneos;
				SWIFT_ACTIVE_COMPILATION_CONDITIONS = DEBUG;
				SWIFT_OPTIMIZATION_LEVEL = "-Onone";
			};
			name = Debug;
		};
		590E39922763C9CE00F6711C /* Release */ = {
			isa = XCBuildConfiguration;
			buildSettings = {
				ALWAYS_SEARCH_USER_PATHS = NO;
				CLANG_ANALYZER_NONNULL = YES;
				CLANG_ANALYZER_NUMBER_OBJECT_CONVERSION = YES_AGGRESSIVE;
				CLANG_CXX_LANGUAGE_STANDARD = "gnu++17";
				CLANG_CXX_LIBRARY = "libc++";
				CLANG_ENABLE_MODULES = YES;
				CLANG_ENABLE_OBJC_ARC = YES;
				CLANG_ENABLE_OBJC_WEAK = YES;
				CLANG_WARN_BLOCK_CAPTURE_AUTORELEASING = YES;
				CLANG_WARN_BOOL_CONVERSION = YES;
				CLANG_WARN_COMMA = YES;
				CLANG_WARN_CONSTANT_CONVERSION = YES;
				CLANG_WARN_DEPRECATED_OBJC_IMPLEMENTATIONS = YES;
				CLANG_WARN_DIRECT_OBJC_ISA_USAGE = YES_ERROR;
				CLANG_WARN_DOCUMENTATION_COMMENTS = YES;
				CLANG_WARN_EMPTY_BODY = YES;
				CLANG_WARN_ENUM_CONVERSION = YES;
				CLANG_WARN_INFINITE_RECURSION = YES;
				CLANG_WARN_INT_CONVERSION = YES;
				CLANG_WARN_NON_LITERAL_NULL_CONVERSION = YES;
				CLANG_WARN_OBJC_IMPLICIT_RETAIN_SELF = YES;
				CLANG_WARN_OBJC_LITERAL_CONVERSION = YES;
				CLANG_WARN_OBJC_ROOT_CLASS = YES_ERROR;
				CLANG_WARN_QUOTED_INCLUDE_IN_FRAMEWORK_HEADER = YES;
				CLANG_WARN_RANGE_LOOP_ANALYSIS = YES;
				CLANG_WARN_STRICT_PROTOTYPES = YES;
				CLANG_WARN_SUSPICIOUS_MOVE = YES;
				CLANG_WARN_UNGUARDED_AVAILABILITY = YES_AGGRESSIVE;
				CLANG_WARN_UNREACHABLE_CODE = YES;
				CLANG_WARN__DUPLICATE_METHOD_MATCH = YES;
				COPY_PHASE_STRIP = NO;
				DEBUG_INFORMATION_FORMAT = "dwarf-with-dsym";
				ENABLE_NS_ASSERTIONS = NO;
				ENABLE_STRICT_OBJC_MSGSEND = YES;
				GCC_C_LANGUAGE_STANDARD = gnu11;
				GCC_NO_COMMON_BLOCKS = YES;
				GCC_WARN_64_TO_32_BIT_CONVERSION = YES;
				GCC_WARN_ABOUT_RETURN_TYPE = YES_ERROR;
				GCC_WARN_UNDECLARED_SELECTOR = YES;
				GCC_WARN_UNINITIALIZED_AUTOS = YES_AGGRESSIVE;
				GCC_WARN_UNUSED_FUNCTION = YES;
				GCC_WARN_UNUSED_VARIABLE = YES;
				IPHONEOS_DEPLOYMENT_TARGET = 15.0;
				MTL_ENABLE_DEBUG_INFO = NO;
				MTL_FAST_MATH = YES;
				SDKROOT = iphoneos;
				SWIFT_COMPILATION_MODE = wholemodule;
				SWIFT_OPTIMIZATION_LEVEL = "-O";
				VALIDATE_PRODUCT = YES;
			};
			name = Release;
		};
		590E39942763C9CE00F6711C /* Debug */ = {
			isa = XCBuildConfiguration;
			buildSettings = {
				ASSETCATALOG_COMPILER_APPICON_NAME = AppIcon;
				ASSETCATALOG_COMPILER_GLOBAL_ACCENT_COLOR_NAME = AccentColor;
				CODE_SIGN_STYLE = Automatic;
				CURRENT_PROJECT_VERSION = 1;
				DEVELOPMENT_TEAM = 6924K5V5X2;
				GENERATE_INFOPLIST_FILE = YES;
				INFOPLIST_FILE = NetworkDownloadImage/Info.plist;
				INFOPLIST_KEY_UIApplicationSupportsIndirectInputEvents = YES;
				INFOPLIST_KEY_UILaunchStoryboardName = LaunchScreen;
				INFOPLIST_KEY_UISupportedInterfaceOrientations_iPad = "UIInterfaceOrientationPortrait UIInterfaceOrientationPortraitUpsideDown UIInterfaceOrientationLandscapeLeft UIInterfaceOrientationLandscapeRight";
				INFOPLIST_KEY_UISupportedInterfaceOrientations_iPhone = "UIInterfaceOrientationPortrait UIInterfaceOrientationLandscapeLeft UIInterfaceOrientationLandscapeRight";
				LD_RUNPATH_SEARCH_PATHS = (
					"$(inherited)",
					"@executable_path/Frameworks",
				);
				MARKETING_VERSION = 1.0;
				PRODUCT_BUNDLE_IDENTIFIER = OlesyaEgorova.NetworkDownloadImage;
				PRODUCT_NAME = "$(TARGET_NAME)";
				SWIFT_EMIT_LOC_STRINGS = YES;
				SWIFT_VERSION = 5.0;
				TARGETED_DEVICE_FAMILY = 1;
			};
			name = Debug;
		};
		590E39952763C9CE00F6711C /* Release */ = {
			isa = XCBuildConfiguration;
			buildSettings = {
				ASSETCATALOG_COMPILER_APPICON_NAME = AppIcon;
				ASSETCATALOG_COMPILER_GLOBAL_ACCENT_COLOR_NAME = AccentColor;
				CODE_SIGN_STYLE = Automatic;
				CURRENT_PROJECT_VERSION = 1;
				DEVELOPMENT_TEAM = 6924K5V5X2;
				GENERATE_INFOPLIST_FILE = YES;
				INFOPLIST_FILE = NetworkDownloadImage/Info.plist;
				INFOPLIST_KEY_UIApplicationSupportsIndirectInputEvents = YES;
				INFOPLIST_KEY_UILaunchStoryboardName = LaunchScreen;
				INFOPLIST_KEY_UISupportedInterfaceOrientations_iPad = "UIInterfaceOrientationPortrait UIInterfaceOrientationPortraitUpsideDown UIInterfaceOrientationLandscapeLeft UIInterfaceOrientationLandscapeRight";
				INFOPLIST_KEY_UISupportedInterfaceOrientations_iPhone = "UIInterfaceOrientationPortrait UIInterfaceOrientationLandscapeLeft UIInterfaceOrientationLandscapeRight";
				LD_RUNPATH_SEARCH_PATHS = (
					"$(inherited)",
					"@executable_path/Frameworks",
				);
				MARKETING_VERSION = 1.0;
				PRODUCT_BUNDLE_IDENTIFIER = OlesyaEgorova.NetworkDownloadImage;
				PRODUCT_NAME = "$(TARGET_NAME)";
				SWIFT_EMIT_LOC_STRINGS = YES;
				SWIFT_VERSION = 5.0;
				TARGETED_DEVICE_FAMILY = 1;
			};
			name = Release;
		};
/* End XCBuildConfiguration section */

/* Begin XCConfigurationList section */
		590E397A2763C9CA00F6711C /* Build configuration list for PBXProject "NetworkDownloadImage" */ = {
			isa = XCConfigurationList;
			buildConfigurations = (
				590E39912763C9CE00F6711C /* Debug */,
				590E39922763C9CE00F6711C /* Release */,
			);
			defaultConfigurationIsVisible = 0;
			defaultConfigurationName = Release;
		};
		590E39932763C9CE00F6711C /* Build configuration list for PBXNativeTarget "NetworkDownloadImage" */ = {
			isa = XCConfigurationList;
			buildConfigurations = (
				590E39942763C9CE00F6711C /* Debug */,
				590E39952763C9CE00F6711C /* Release */,
			);
			defaultConfigurationIsVisible = 0;
			defaultConfigurationName = Release;
		};
/* End XCConfigurationList section */
	};
	rootObject = 590E39772763C9CA00F6711C /* Project object */;
}
