// !$*UTF8*$!
{
	archiveVersion = 1;
	classes = {
	};
	objectVersion = 55;
	objects = {

/* Begin PBXBuildFile section */
		593437062759338F004A4F7A /* ListCollectionView.swift in Sources */ = {isa = PBXBuildFile; fileRef = 593437052759338F004A4F7A /* ListCollectionView.swift */; };
		593437082759339A004A4F7A /* ListPresenter.swift in Sources */ = {isa = PBXBuildFile; fileRef = 593437072759339A004A4F7A /* ListPresenter.swift */; };
		5934370A275933A5004A4F7A /* CellModel.swift in Sources */ = {isa = PBXBuildFile; fileRef = 59343709275933A5004A4F7A /* CellModel.swift */; };
		5934370C275933FF004A4F7A /* DetailViewController.swift in Sources */ = {isa = PBXBuildFile; fileRef = 5934370B275933FF004A4F7A /* DetailViewController.swift */; };
		5934370E2759340C004A4F7A /* DetailModel.swift in Sources */ = {isa = PBXBuildFile; fileRef = 5934370D2759340C004A4F7A /* DetailModel.swift */; };
		5934371027593419004A4F7A /* DetailView.swift in Sources */ = {isa = PBXBuildFile; fileRef = 5934370F27593419004A4F7A /* DetailView.swift */; };
		5934371227593430004A4F7A /* DetailPresenter.swift in Sources */ = {isa = PBXBuildFile; fileRef = 5934371127593430004A4F7A /* DetailPresenter.swift */; };
		5934371427593444004A4F7A /* ListAssembly.swift in Sources */ = {isa = PBXBuildFile; fileRef = 5934371327593444004A4F7A /* ListAssembly.swift */; };
		593437162759344F004A4F7A /* DetailAssembly.swift in Sources */ = {isa = PBXBuildFile; fileRef = 593437152759344F004A4F7A /* DetailAssembly.swift */; };
		5934371A27593709004A4F7A /* NetworkManager.swift in Sources */ = {isa = PBXBuildFile; fileRef = 5934371927593709004A4F7A /* NetworkManager.swift */; };
		5934371C27593718004A4F7A /* Data.swift in Sources */ = {isa = PBXBuildFile; fileRef = 5934371B27593718004A4F7A /* Data.swift */; };
		5934371E275A1E86004A4F7A /* ListCollectionViewCell.swift in Sources */ = {isa = PBXBuildFile; fileRef = 5934371D275A1E86004A4F7A /* ListCollectionViewCell.swift */; };
		59343720275A2039004A4F7A /* CollectionViewFloyLayout.swift in Sources */ = {isa = PBXBuildFile; fileRef = 5934371F275A2039004A4F7A /* CollectionViewFloyLayout.swift */; };
		59343722275A2619004A4F7A /* ListView.swift in Sources */ = {isa = PBXBuildFile; fileRef = 59343721275A2619004A4F7A /* ListView.swift */; };
		59343725275CC2FE004A4F7A /* ListRouter.swift in Sources */ = {isa = PBXBuildFile; fileRef = 59343724275CC2FE004A4F7A /* ListRouter.swift */; };
		599561D127592D220047FE92 /* AppDelegate.swift in Sources */ = {isa = PBXBuildFile; fileRef = 599561D027592D220047FE92 /* AppDelegate.swift */; };
		599561D327592D220047FE92 /* SceneDelegate.swift in Sources */ = {isa = PBXBuildFile; fileRef = 599561D227592D220047FE92 /* SceneDelegate.swift */; };
		599561D527592D220047FE92 /* ListViewController.swift in Sources */ = {isa = PBXBuildFile; fileRef = 599561D427592D220047FE92 /* ListViewController.swift */; };
		599561DA27592D270047FE92 /* Assets.xcassets in Resources */ = {isa = PBXBuildFile; fileRef = 599561D927592D270047FE92 /* Assets.xcassets */; };
		599561DD27592D270047FE92 /* LaunchScreen.storyboard in Resources */ = {isa = PBXBuildFile; fileRef = 599561DB27592D270047FE92 /* LaunchScreen.storyboard */; };
/* End PBXBuildFile section */

/* Begin PBXFileReference section */
		593437052759338F004A4F7A /* ListCollectionView.swift */ = {isa = PBXFileReference; lastKnownFileType = sourcecode.swift; path = ListCollectionView.swift; sourceTree = "<group>"; };
		593437072759339A004A4F7A /* ListPresenter.swift */ = {isa = PBXFileReference; lastKnownFileType = sourcecode.swift; path = ListPresenter.swift; sourceTree = "<group>"; };
		59343709275933A5004A4F7A /* CellModel.swift */ = {isa = PBXFileReference; lastKnownFileType = sourcecode.swift; path = CellModel.swift; sourceTree = "<group>"; };
		5934370B275933FF004A4F7A /* DetailViewController.swift */ = {isa = PBXFileReference; lastKnownFileType = sourcecode.swift; path = DetailViewController.swift; sourceTree = "<group>"; };
		5934370D2759340C004A4F7A /* DetailModel.swift */ = {isa = PBXFileReference; lastKnownFileType = sourcecode.swift; path = DetailModel.swift; sourceTree = "<group>"; };
		5934370F27593419004A4F7A /* DetailView.swift */ = {isa = PBXFileReference; lastKnownFileType = sourcecode.swift; path = DetailView.swift; sourceTree = "<group>"; };
		5934371127593430004A4F7A /* DetailPresenter.swift */ = {isa = PBXFileReference; lastKnownFileType = sourcecode.swift; path = DetailPresenter.swift; sourceTree = "<group>"; };
		5934371327593444004A4F7A /* ListAssembly.swift */ = {isa = PBXFileReference; lastKnownFileType = sourcecode.swift; path = ListAssembly.swift; sourceTree = "<group>"; };
		593437152759344F004A4F7A /* DetailAssembly.swift */ = {isa = PBXFileReference; lastKnownFileType = sourcecode.swift; path = DetailAssembly.swift; sourceTree = "<group>"; };
		5934371927593709004A4F7A /* NetworkManager.swift */ = {isa = PBXFileReference; lastKnownFileType = sourcecode.swift; path = NetworkManager.swift; sourceTree = "<group>"; };
		5934371B27593718004A4F7A /* Data.swift */ = {isa = PBXFileReference; lastKnownFileType = sourcecode.swift; path = Data.swift; sourceTree = "<group>"; };
		5934371D275A1E86004A4F7A /* ListCollectionViewCell.swift */ = {isa = PBXFileReference; lastKnownFileType = sourcecode.swift; path = ListCollectionViewCell.swift; sourceTree = "<group>"; };
		5934371F275A2039004A4F7A /* CollectionViewFloyLayout.swift */ = {isa = PBXFileReference; lastKnownFileType = sourcecode.swift; path = CollectionViewFloyLayout.swift; sourceTree = "<group>"; };
		59343721275A2619004A4F7A /* ListView.swift */ = {isa = PBXFileReference; lastKnownFileType = sourcecode.swift; path = ListView.swift; sourceTree = "<group>"; };
		59343724275CC2FE004A4F7A /* ListRouter.swift */ = {isa = PBXFileReference; lastKnownFileType = sourcecode.swift; path = ListRouter.swift; sourceTree = "<group>"; };
		599561CD27592D220047FE92 /* ArchitectureCarApp.app */ = {isa = PBXFileReference; explicitFileType = wrapper.application; includeInIndex = 0; path = ArchitectureCarApp.app; sourceTree = BUILT_PRODUCTS_DIR; };
		599561D027592D220047FE92 /* AppDelegate.swift */ = {isa = PBXFileReference; lastKnownFileType = sourcecode.swift; path = AppDelegate.swift; sourceTree = "<group>"; };
		599561D227592D220047FE92 /* SceneDelegate.swift */ = {isa = PBXFileReference; lastKnownFileType = sourcecode.swift; path = SceneDelegate.swift; sourceTree = "<group>"; };
		599561D427592D220047FE92 /* ListViewController.swift */ = {isa = PBXFileReference; lastKnownFileType = sourcecode.swift; path = ListViewController.swift; sourceTree = "<group>"; };
		599561D927592D270047FE92 /* Assets.xcassets */ = {isa = PBXFileReference; lastKnownFileType = folder.assetcatalog; path = Assets.xcassets; sourceTree = "<group>"; };
		599561DC27592D270047FE92 /* Base */ = {isa = PBXFileReference; lastKnownFileType = file.storyboard; name = Base; path = Base.lproj/LaunchScreen.storyboard; sourceTree = "<group>"; };
		599561DE27592D270047FE92 /* Info.plist */ = {isa = PBXFileReference; lastKnownFileType = text.plist.xml; path = Info.plist; sourceTree = "<group>"; };
/* End PBXFileReference section */

/* Begin PBXFrameworksBuildPhase section */
		599561CA27592D220047FE92 /* Frameworks */ = {
			isa = PBXFrameworksBuildPhase;
			buildActionMask = 2147483647;
			files = (
			);
			runOnlyForDeploymentPostprocessing = 0;
		};
/* End PBXFrameworksBuildPhase section */

/* Begin PBXGroup section */
		5934370327593351004A4F7A /* FirstModule */ = {
			isa = PBXGroup;
			children = (
				59343709275933A5004A4F7A /* CellModel.swift */,
				59343723275A39DB004A4F7A /* View */,
				593437072759339A004A4F7A /* ListPresenter.swift */,
				5934371327593444004A4F7A /* ListAssembly.swift */,
				59343724275CC2FE004A4F7A /* ListRouter.swift */,
			);
			path = FirstModule;
			sourceTree = "<group>";
		};
		5934370427593366004A4F7A /* SecondModule */ = {
			isa = PBXGroup;
			children = (
				5934370D2759340C004A4F7A /* DetailModel.swift */,
				5934370F27593419004A4F7A /* DetailView.swift */,
				5934370B275933FF004A4F7A /* DetailViewController.swift */,
				5934371127593430004A4F7A /* DetailPresenter.swift */,
				593437152759344F004A4F7A /* DetailAssembly.swift */,
			);
			path = SecondModule;
			sourceTree = "<group>";
		};
		59343718275936EB004A4F7A /* Networking */ = {
			isa = PBXGroup;
			children = (
				5934371927593709004A4F7A /* NetworkManager.swift */,
				5934371B27593718004A4F7A /* Data.swift */,
			);
			path = Networking;
			sourceTree = "<group>";
		};
		59343723275A39DB004A4F7A /* View */ = {
			isa = PBXGroup;
			children = (
				599561D427592D220047FE92 /* ListViewController.swift */,
				59343721275A2619004A4F7A /* ListView.swift */,
				593437052759338F004A4F7A /* ListCollectionView.swift */,
				5934371D275A1E86004A4F7A /* ListCollectionViewCell.swift */,
				5934371F275A2039004A4F7A /* CollectionViewFloyLayout.swift */,
			);
			path = View;
			sourceTree = "<group>";
		};
		599561C427592D220047FE92 = {
			isa = PBXGroup;
			children = (
				599561CF27592D220047FE92 /* ArchitectureCarApp */,
				599561CE27592D220047FE92 /* Products */,
			);
			sourceTree = "<group>";
		};
		599561CE27592D220047FE92 /* Products */ = {
			isa = PBXGroup;
			children = (
				599561CD27592D220047FE92 /* ArchitectureCarApp.app */,
			);
			name = Products;
			sourceTree = "<group>";
		};
		599561CF27592D220047FE92 /* ArchitectureCarApp */ = {
			isa = PBXGroup;
			children = (
				599561D027592D220047FE92 /* AppDelegate.swift */,
				599561D227592D220047FE92 /* SceneDelegate.swift */,
				59343718275936EB004A4F7A /* Networking */,
				5934370327593351004A4F7A /* FirstModule */,
				5934370427593366004A4F7A /* SecondModule */,
				599561D927592D270047FE92 /* Assets.xcassets */,
				599561DB27592D270047FE92 /* LaunchScreen.storyboard */,
				599561DE27592D270047FE92 /* Info.plist */,
			);
			path = ArchitectureCarApp;
			sourceTree = "<group>";
		};
/* End PBXGroup section */

/* Begin PBXNativeTarget section */
		599561CC27592D220047FE92 /* ArchitectureCarApp */ = {
			isa = PBXNativeTarget;
			buildConfigurationList = 599561E127592D270047FE92 /* Build configuration list for PBXNativeTarget "ArchitectureCarApp" */;
			buildPhases = (
				599561C927592D220047FE92 /* Sources */,
				599561CA27592D220047FE92 /* Frameworks */,
				599561CB27592D220047FE92 /* Resources */,
			);
			buildRules = (
			);
			dependencies = (
			);
			name = ArchitectureCarApp;
			productName = ArchitectureCarApp;
			productReference = 599561CD27592D220047FE92 /* ArchitectureCarApp.app */;
			productType = "com.apple.product-type.application";
		};
/* End PBXNativeTarget section */

/* Begin PBXProject section */
		599561C527592D220047FE92 /* Project object */ = {
			isa = PBXProject;
			attributes = {
				BuildIndependentTargetsInParallel = 1;
				LastSwiftUpdateCheck = 1310;
				LastUpgradeCheck = 1310;
				TargetAttributes = {
					599561CC27592D220047FE92 = {
						CreatedOnToolsVersion = 13.1;
					};
				};
			};
			buildConfigurationList = 599561C827592D220047FE92 /* Build configuration list for PBXProject "ArchitectureCarApp" */;
			compatibilityVersion = "Xcode 13.0";
			developmentRegion = en;
			hasScannedForEncodings = 0;
			knownRegions = (
				en,
				Base,
			);
			mainGroup = 599561C427592D220047FE92;
			productRefGroup = 599561CE27592D220047FE92 /* Products */;
			projectDirPath = "";
			projectRoot = "";
			targets = (
				599561CC27592D220047FE92 /* ArchitectureCarApp */,
			);
		};
/* End PBXProject section */

/* Begin PBXResourcesBuildPhase section */
		599561CB27592D220047FE92 /* Resources */ = {
			isa = PBXResourcesBuildPhase;
			buildActionMask = 2147483647;
			files = (
				599561DD27592D270047FE92 /* LaunchScreen.storyboard in Resources */,
				599561DA27592D270047FE92 /* Assets.xcassets in Resources */,
			);
			runOnlyForDeploymentPostprocessing = 0;
		};
/* End PBXResourcesBuildPhase section */

/* Begin PBXSourcesBuildPhase section */
		599561C927592D220047FE92 /* Sources */ = {
			isa = PBXSourcesBuildPhase;
			buildActionMask = 2147483647;
			files = (
				59343725275CC2FE004A4F7A /* ListRouter.swift in Sources */,
				5934370E2759340C004A4F7A /* DetailModel.swift in Sources */,
				5934371027593419004A4F7A /* DetailView.swift in Sources */,
				593437062759338F004A4F7A /* ListCollectionView.swift in Sources */,
				5934371A27593709004A4F7A /* NetworkManager.swift in Sources */,
				5934371227593430004A4F7A /* DetailPresenter.swift in Sources */,
				599561D527592D220047FE92 /* ListViewController.swift in Sources */,
				5934371E275A1E86004A4F7A /* ListCollectionViewCell.swift in Sources */,
				599561D127592D220047FE92 /* AppDelegate.swift in Sources */,
				59343720275A2039004A4F7A /* CollectionViewFloyLayout.swift in Sources */,
				5934371C27593718004A4F7A /* Data.swift in Sources */,
				5934370A275933A5004A4F7A /* CellModel.swift in Sources */,
				599561D327592D220047FE92 /* SceneDelegate.swift in Sources */,
				59343722275A2619004A4F7A /* ListView.swift in Sources */,
				593437082759339A004A4F7A /* ListPresenter.swift in Sources */,
				5934371427593444004A4F7A /* ListAssembly.swift in Sources */,
				593437162759344F004A4F7A /* DetailAssembly.swift in Sources */,
				5934370C275933FF004A4F7A /* DetailViewController.swift in Sources */,
			);
			runOnlyForDeploymentPostprocessing = 0;
		};
/* End PBXSourcesBuildPhase section */

/* Begin PBXVariantGroup section */
		599561DB27592D270047FE92 /* LaunchScreen.storyboard */ = {
			isa = PBXVariantGroup;
			children = (
				599561DC27592D270047FE92 /* Base */,
			);
			name = LaunchScreen.storyboard;
			sourceTree = "<group>";
		};
/* End PBXVariantGroup section */

/* Begin XCBuildConfiguration section */
		599561DF27592D270047FE92 /* Debug */ = {
			isa = XCBuildConfiguration;
			buildSettings = {
				ALWAYS_SEARCH_USER_PATHS = NO;
				CLANG_ANALYZER_NONNULL = YES;
				CLANG_ANALYZER_NUMBER_OBJECT_CONVERSION = YES_AGGRESSIVE;
				CLANG_CXX_LANGUAGE_STANDARD = "gnu++17";
				CLANG_CXX_LIBRARY = "libc++";
				CLANG_ENABLE_MODULES = YES;
				CLANG_ENABLE_OBJC_ARC = YES;
				CLANG_ENABLE_OBJC_WEAK = YES;
				CLANG_WARN_BLOCK_CAPTURE_AUTORELEASING = YES;
				CLANG_WARN_BOOL_CONVERSION = YES;
				CLANG_WARN_COMMA = YES;
				CLANG_WARN_CONSTANT_CONVERSION = YES;
				CLANG_WARN_DEPRECATED_OBJC_IMPLEMENTATIONS = YES;
				CLANG_WARN_DIRECT_OBJC_ISA_USAGE = YES_ERROR;
				CLANG_WARN_DOCUMENTATION_COMMENTS = YES;
				CLANG_WARN_EMPTY_BODY = YES;
				CLANG_WARN_ENUM_CONVERSION = YES;
				CLANG_WARN_INFINITE_RECURSION = YES;
				CLANG_WARN_INT_CONVERSION = YES;
				CLANG_WARN_NON_LITERAL_NULL_CONVERSION = YES;
				CLANG_WARN_OBJC_IMPLICIT_RETAIN_SELF = YES;
				CLANG_WARN_OBJC_LITERAL_CONVERSION = YES;
				CLANG_WARN_OBJC_ROOT_CLASS = YES_ERROR;
				CLANG_WARN_QUOTED_INCLUDE_IN_FRAMEWORK_HEADER = YES;
				CLANG_WARN_RANGE_LOOP_ANALYSIS = YES;
				CLANG_WARN_STRICT_PROTOTYPES = YES;
				CLANG_WARN_SUSPICIOUS_MOVE = YES;
				CLANG_WARN_UNGUARDED_AVAILABILITY = YES_AGGRESSIVE;
				CLANG_WARN_UNREACHABLE_CODE = YES;
				CLANG_WARN__DUPLICATE_METHOD_MATCH = YES;
				COPY_PHASE_STRIP = NO;
				DEBUG_INFORMATION_FORMAT = dwarf;
				ENABLE_STRICT_OBJC_MSGSEND = YES;
				ENABLE_TESTABILITY = YES;
				GCC_C_LANGUAGE_STANDARD = gnu11;
				GCC_DYNAMIC_NO_PIC = NO;
				GCC_NO_COMMON_BLOCKS = YES;
				GCC_OPTIMIZATION_LEVEL = 0;
				GCC_PREPROCESSOR_DEFINITIONS = (
					"DEBUG=1",
					"$(inherited)",
				);
				GCC_WARN_64_TO_32_BIT_CONVERSION = YES;
				GCC_WARN_ABOUT_RETURN_TYPE = YES_ERROR;
				GCC_WARN_UNDECLARED_SELECTOR = YES;
				GCC_WARN_UNINITIALIZED_AUTOS = YES_AGGRESSIVE;
				GCC_WARN_UNUSED_FUNCTION = YES;
				GCC_WARN_UNUSED_VARIABLE = YES;
				IPHONEOS_DEPLOYMENT_TARGET = 15.0;
				MTL_ENABLE_DEBUG_INFO = INCLUDE_SOURCE;
				MTL_FAST_MATH = YES;
				ONLY_ACTIVE_ARCH = YES;
				SDKROOT = iphoneos;
				SWIFT_ACTIVE_COMPILATION_CONDITIONS = DEBUG;
				SWIFT_OPTIMIZATION_LEVEL = "-Onone";
			};
			name = Debug;
		};
		599561E027592D270047FE92 /* Release */ = {
			isa = XCBuildConfiguration;
			buildSettings = {
				ALWAYS_SEARCH_USER_PATHS = NO;
				CLANG_ANALYZER_NONNULL = YES;
				CLANG_ANALYZER_NUMBER_OBJECT_CONVERSION = YES_AGGRESSIVE;
				CLANG_CXX_LANGUAGE_STANDARD = "gnu++17";
				CLANG_CXX_LIBRARY = "libc++";
				CLANG_ENABLE_MODULES = YES;
				CLANG_ENABLE_OBJC_ARC = YES;
				CLANG_ENABLE_OBJC_WEAK = YES;
				CLANG_WARN_BLOCK_CAPTURE_AUTORELEASING = YES;
				CLANG_WARN_BOOL_CONVERSION = YES;
				CLANG_WARN_COMMA = YES;
				CLANG_WARN_CONSTANT_CONVERSION = YES;
				CLANG_WARN_DEPRECATED_OBJC_IMPLEMENTATIONS = YES;
				CLANG_WARN_DIRECT_OBJC_ISA_USAGE = YES_ERROR;
				CLANG_WARN_DOCUMENTATION_COMMENTS = YES;
				CLANG_WARN_EMPTY_BODY = YES;
				CLANG_WARN_ENUM_CONVERSION = YES;
				CLANG_WARN_INFINITE_RECURSION = YES;
				CLANG_WARN_INT_CONVERSION = YES;
				CLANG_WARN_NON_LITERAL_NULL_CONVERSION = YES;
				CLANG_WARN_OBJC_IMPLICIT_RETAIN_SELF = YES;
				CLANG_WARN_OBJC_LITERAL_CONVERSION = YES;
				CLANG_WARN_OBJC_ROOT_CLASS = YES_ERROR;
				CLANG_WARN_QUOTED_INCLUDE_IN_FRAMEWORK_HEADER = YES;
				CLANG_WARN_RANGE_LOOP_ANALYSIS = YES;
				CLANG_WARN_STRICT_PROTOTYPES = YES;
				CLANG_WARN_SUSPICIOUS_MOVE = YES;
				CLANG_WARN_UNGUARDED_AVAILABILITY = YES_AGGRESSIVE;
				CLANG_WARN_UNREACHABLE_CODE = YES;
				CLANG_WARN__DUPLICATE_METHOD_MATCH = YES;
				COPY_PHASE_STRIP = NO;
				DEBUG_INFORMATION_FORMAT = "dwarf-with-dsym";
				ENABLE_NS_ASSERTIONS = NO;
				ENABLE_STRICT_OBJC_MSGSEND = YES;
				GCC_C_LANGUAGE_STANDARD = gnu11;
				GCC_NO_COMMON_BLOCKS = YES;
				GCC_WARN_64_TO_32_BIT_CONVERSION = YES;
				GCC_WARN_ABOUT_RETURN_TYPE = YES_ERROR;
				GCC_WARN_UNDECLARED_SELECTOR = YES;
				GCC_WARN_UNINITIALIZED_AUTOS = YES_AGGRESSIVE;
				GCC_WARN_UNUSED_FUNCTION = YES;
				GCC_WARN_UNUSED_VARIABLE = YES;
				IPHONEOS_DEPLOYMENT_TARGET = 15.0;
				MTL_ENABLE_DEBUG_INFO = NO;
				MTL_FAST_MATH = YES;
				SDKROOT = iphoneos;
				SWIFT_COMPILATION_MODE = wholemodule;
				SWIFT_OPTIMIZATION_LEVEL = "-O";
				VALIDATE_PRODUCT = YES;
			};
			name = Release;
		};
		599561E227592D270047FE92 /* Debug */ = {
			isa = XCBuildConfiguration;
			buildSettings = {
				ASSETCATALOG_COMPILER_APPICON_NAME = AppIcon;
				ASSETCATALOG_COMPILER_GLOBAL_ACCENT_COLOR_NAME = AccentColor;
				CODE_SIGN_STYLE = Automatic;
				CURRENT_PROJECT_VERSION = 1;
				DEVELOPMENT_TEAM = 6924K5V5X2;
				GENERATE_INFOPLIST_FILE = YES;
				INFOPLIST_FILE = ArchitectureCarApp/Info.plist;
				INFOPLIST_KEY_UIApplicationSupportsIndirectInputEvents = YES;
				INFOPLIST_KEY_UILaunchStoryboardName = LaunchScreen;
				INFOPLIST_KEY_UISupportedInterfaceOrientations = UIInterfaceOrientationPortrait;
				INFOPLIST_KEY_UISupportedInterfaceOrientations_iPad = "UIInterfaceOrientationPortrait UIInterfaceOrientationPortraitUpsideDown UIInterfaceOrientationLandscapeLeft UIInterfaceOrientationLandscapeRight";
				INFOPLIST_KEY_UISupportedInterfaceOrientations_iPhone = "UIInterfaceOrientationPortrait UIInterfaceOrientationLandscapeLeft UIInterfaceOrientationLandscapeRight";
				LD_RUNPATH_SEARCH_PATHS = (
					"$(inherited)",
					"@executable_path/Frameworks",
				);
				MARKETING_VERSION = 1.0;
				PRODUCT_BUNDLE_IDENTIFIER = OlesyaEgorova.ArchitectureCarApp;
				PRODUCT_NAME = "$(TARGET_NAME)";
				SWIFT_EMIT_LOC_STRINGS = YES;
				SWIFT_VERSION = 5.0;
				TARGETED_DEVICE_FAMILY = 1;
			};
			name = Debug;
		};
		599561E327592D270047FE92 /* Release */ = {
			isa = XCBuildConfiguration;
			buildSettings = {
				ASSETCATALOG_COMPILER_APPICON_NAME = AppIcon;
				ASSETCATALOG_COMPILER_GLOBAL_ACCENT_COLOR_NAME = AccentColor;
				CODE_SIGN_STYLE = Automatic;
				CURRENT_PROJECT_VERSION = 1;
				DEVELOPMENT_TEAM = 6924K5V5X2;
				GENERATE_INFOPLIST_FILE = YES;
				INFOPLIST_FILE = ArchitectureCarApp/Info.plist;
				INFOPLIST_KEY_UIApplicationSupportsIndirectInputEvents = YES;
				INFOPLIST_KEY_UILaunchStoryboardName = LaunchScreen;
				INFOPLIST_KEY_UISupportedInterfaceOrientations = UIInterfaceOrientationPortrait;
				INFOPLIST_KEY_UISupportedInterfaceOrientations_iPad = "UIInterfaceOrientationPortrait UIInterfaceOrientationPortraitUpsideDown UIInterfaceOrientationLandscapeLeft UIInterfaceOrientationLandscapeRight";
				INFOPLIST_KEY_UISupportedInterfaceOrientations_iPhone = "UIInterfaceOrientationPortrait UIInterfaceOrientationLandscapeLeft UIInterfaceOrientationLandscapeRight";
				LD_RUNPATH_SEARCH_PATHS = (
					"$(inherited)",
					"@executable_path/Frameworks",
				);
				MARKETING_VERSION = 1.0;
				PRODUCT_BUNDLE_IDENTIFIER = OlesyaEgorova.ArchitectureCarApp;
				PRODUCT_NAME = "$(TARGET_NAME)";
				SWIFT_EMIT_LOC_STRINGS = YES;
				SWIFT_VERSION = 5.0;
				TARGETED_DEVICE_FAMILY = 1;
			};
			name = Release;
		};
/* End XCBuildConfiguration section */

/* Begin XCConfigurationList section */
		599561C827592D220047FE92 /* Build configuration list for PBXProject "ArchitectureCarApp" */ = {
			isa = XCConfigurationList;
			buildConfigurations = (
				599561DF27592D270047FE92 /* Debug */,
				599561E027592D270047FE92 /* Release */,
			);
			defaultConfigurationIsVisible = 0;
			defaultConfigurationName = Release;
		};
		599561E127592D270047FE92 /* Build configuration list for PBXNativeTarget "ArchitectureCarApp" */ = {
			isa = XCConfigurationList;
			buildConfigurations = (
				599561E227592D270047FE92 /* Debug */,
				599561E327592D270047FE92 /* Release */,
			);
			defaultConfigurationIsVisible = 0;
			defaultConfigurationName = Release;
		};
/* End XCConfigurationList section */
	};
	rootObject = 599561C527592D220047FE92 /* Project object */;
}
